Microsoft Visual Studio Solution File, Format Version 12.00
# Visual Studio Version 17
VisualStudioVersion = 17.5.2.0
MinimumVisualStudioVersion = 10.0.40219.1
Project("{FAE04EC0-301F-11D3-BF4B-00C04F79EFBC}") = "Mini_Proyecto_Senator", "Mini_Proyecto_Senator.csproj", "{3527781A-0918-ED80-E8EE-5BFC67067092}"
EndProject
Global
	GlobalSection(SolutionConfigurationPlatforms) = preSolution
		Debug|Any CPU = Debug|Any CPU
		Release|Any CPU = Release|Any CPU
	EndGlobalSection
	GlobalSection(ProjectConfigurationPlatforms) = postSolution
		{3527781A-0918-ED80-E8EE-5BFC67067092}.Debug|Any CPU.ActiveCfg = Debug|Any CPU
		{3527781A-0918-ED80-E8EE-5BFC67067092}.Debug|Any CPU.Build.0 = Debug|Any CPU
		{3527781A-0918-ED80-E8EE-5BFC67067092}.Release|Any CPU.ActiveCfg = Release|Any CPU
		{3527781A-0918-ED80-E8EE-5BFC67067092}.Release|Any CPU.Build.0 = Release|Any CPU
	EndGlobalSection
	GlobalSection(SolutionProperties) = preSolution
		HideSolutionNode = FALSE
	EndGlobalSection
	GlobalSection(ExtensibilityGlobals) = postSolution
		SolutionGuid = {1517CF53-5732-420D-BB5F-E01FA2F56B00}
	EndGlobalSection
EndGlobal
